<?xml version="1.0" encoding="UTF-8" standalone="yes" ?>
<CodeBlocks_project_file>
	<FileVersion major="1" minor="6" />
	<Project>
		<Option title="c4chess" />
		<Option makefile_is_custom="1" />
		<Option pch_mode="2" />
		<Option compiler="gcc" />
		<Build>
			<Target title="Release">
				<Option output="output/c4chess" prefix_auto="1" extension_auto="1" />
				<Option working_dir="output" />
				<Option object_output="obj/Release/" />
				<Option type="0" />
				<Option compiler="gcc" />
				<Compiler>
					<Add option="-O2" />
				</Compiler>
				<Linker>
					<Add option="-s" />
				</Linker>
			</Target>
		</Build>
		<Compiler>
			<Add option="-Wall" />
			<Add directory="C:/Program Files/CodeBlocks/MinGW/x86_64-w64-mingw32/include" />
		</Compiler>
		<Linker>
			<Add library="mingw32" />
			<Add library="SDL2main" />
			<Add library="SDL2.dll" />
			<Add library="user32" />
			<Add library="gdi32" />
			<Add library="winmm" />
			<Add library="dxguid" />
			<Add directory="C:/Program Files/CodeBlocks/MinGW/x86_64-w64-mingw32/lib" />
		</Linker>
		<ExtraCommands>
			<Add after="XCOPY $(#sdl2)\bin\*.dll $(TARGET_OUTPUT_DIR) /D /Y" />
		</ExtraCommands>
		<Unit filename=".gitignore" />
		<Unit filename="Makefile" />
		<Unit filename="README.md" />
		<Unit filename="c4chess-cb.depend" />
		<Unit filename="c4chess-cb.layout" />
		<Unit filename="c4chess_debug.bat" />
		<Unit filename="command-line.bat" />
		<Unit filename="git-commit.sh" />
		<Unit filename="obj/Release/source/chess/core.o" />
		<Unit filename="output/SDL2.dll" />
		<Unit filename="output/SDL2_image.dll" />
		<Unit filename="output/SDL2_ttf.dll" />
		<Unit filename="output/c4chess.exe" />
		<Unit filename="output/config_boot.ini" />
		<Unit filename="output/feedback.txt" />
		<Unit filename="output/libatomic-1.dll" />
		<Unit filename="output/libfreetype-6.dll" />
		<Unit filename="output/libgcc_s_dw2-1.dll" />
		<Unit filename="output/libgcc_s_seh-1.dll" />
		<Unit filename="output/libgomp-1.dll" />
		<Unit filename="output/libjpeg-9.dll" />
		<Unit filename="output/libpng16-16.dll" />
		<Unit filename="output/libquadmath-0.dll" />
		<Unit filename="output/libssp-0.dll" />
		<Unit filename="output/libstdc++-6.dll" />
		<Unit filename="output/libtiff-5.dll" />
		<Unit filename="output/libwebp-7.dll" />
		<Unit filename="output/libwinpthread-1.dll" />
		<Unit filename="output/resources/OpenSans-Regular.ttf" />
		<Unit filename="output/resources/bbishop.png" />
		<Unit filename="output/resources/bking.png" />
		<Unit filename="output/resources/bknight.png" />
		<Unit filename="output/resources/bpawn.png" />
		<Unit filename="output/resources/bqueen.png" />
		<Unit filename="output/resources/brook.png" />
		<Unit filename="output/resources/gnu_logo.png" />
		<Unit filename="output/resources/logo.png" />
		<Unit filename="output/resources/logo_direct.png" />
		<Unit filename="output/resources/logo_mesg.png" />
		<Unit filename="output/resources/wbishop.png" />
		<Unit filename="output/resources/wking.png" />
		<Unit filename="output/resources/wknight.png" />
		<Unit filename="output/resources/wpawn.png" />
		<Unit filename="output/resources/wqueen.png" />
		<Unit filename="output/resources/wrook.png" />
		<Unit filename="output/zlib1.dll" />
		<Unit filename="source/animation/animation.c">
			<Option compilerVar="CC" />
		</Unit>
		<Unit filename="source/animation/animation.h" />
		<Unit filename="source/chess/archive.c">
			<Option compilerVar="CC" />
		</Unit>
		<Unit filename="source/chess/archive.h" />
		<Unit filename="source/chess/chess.c">
			<Option compilerVar="CC" />
		</Unit>
		<Unit filename="source/chess/chess.h" />
		<Unit filename="source/chess/core.c">
			<Option compilerVar="CC" />
		</Unit>
		<Unit filename="source/chess/core.h" />
		<Unit filename="source/chess/dot.c">
			<Option compilerVar="CC" />
		</Unit>
		<Unit filename="source/chess/dot.h" />
		<Unit filename="source/chess/event.c">
			<Option compilerVar="CC" />
		</Unit>
		<Unit filename="source/chess/event.h" />
		<Unit filename="source/chess/fen.c">
			<Option compilerVar="CC" />
		</Unit>
		<Unit filename="source/chess/fen.h" />
		<Unit filename="source/chess/middle.c">
			<Option compilerVar="CC" />
		</Unit>
		<Unit filename="source/chess/middle.h" />
		<Unit filename="source/config.c">
			<Option compilerVar="CC" />
		</Unit>
		<Unit filename="source/config.h" />
		<Unit filename="source/dashboard/gui.c">
			<Option compilerVar="CC" />
		</Unit>
		<Unit filename="source/dashboard/gui.h" />
		<Unit filename="source/dashboard/gui_alias.c">
			<Option compilerVar="CC" />
		</Unit>
		<Unit filename="source/dashboard/gui_alias.h" />
		<Unit filename="source/dashboard/ingame.c">
			<Option compilerVar="CC" />
		</Unit>
		<Unit filename="source/dashboard/ingame.h" />
		<Unit filename="source/dashboard/menu.c">
			<Option compilerVar="CC" />
		</Unit>
		<Unit filename="source/dashboard/menu.h" />
		<Unit filename="source/dashboard/popup.c">
			<Option compilerVar="CC" />
		</Unit>
		<Unit filename="source/dashboard/popup.h" />
		<Unit filename="source/gen.c">
			<Option compilerVar="CC" />
		</Unit>
		<Unit filename="source/gen.h" />
		<Unit filename="source/global.c">
			<Option compilerVar="CC" />
		</Unit>
		<Unit filename="source/global.h" />
		<Unit filename="source/lang.c">
			<Option compilerVar="CC" />
		</Unit>
		<Unit filename="source/lang.h" />
		<Unit filename="source/main.c">
			<Option compilerVar="CC" />
		</Unit>
		<Unit filename="source/mman.c">
			<Option compilerVar="CC" />
		</Unit>
		<Unit filename="source/mman.h" />
		<Unit filename="source/network/client.c">
			<Option compilerVar="CC" />
		</Unit>
		<Unit filename="source/network/client.h" />
		<Unit filename="source/network/lobby.c">
			<Option compilerVar="CC" />
		</Unit>
		<Unit filename="source/network/lobby.h" />
		<Unit filename="source/network/net.c">
			<Option compilerVar="CC" />
		</Unit>
		<Unit filename="source/network/net.h" />
		<Unit filename="source/network/net_utils.c">
			<Option compilerVar="CC" />
		</Unit>
		<Unit filename="source/network/net_utils.h" />
		<Unit filename="source/network/recv.c">
			<Option compilerVar="CC" />
		</Unit>
		<Unit filename="source/network/recv.h" />
		<Unit filename="source/network/send.c">
			<Option compilerVar="CC" />
		</Unit>
		<Unit filename="source/network/send.h" />
		<Unit filename="source/network/server.c">
			<Option compilerVar="CC" />
		</Unit>
		<Unit filename="source/network/server.h" />
		<Unit filename="source/pp4m/pp4m.c">
			<Option compilerVar="CC" />
		</Unit>
		<Unit filename="source/pp4m/pp4m.h" />
		<Unit filename="source/pp4m/pp4m_draw.c">
			<Option compilerVar="CC" />
		</Unit>
		<Unit filename="source/pp4m/pp4m_draw.h" />
		<Unit filename="source/pp4m/pp4m_image.c">
			<Option compilerVar="CC" />
		</Unit>
		<Unit filename="source/pp4m/pp4m_image.h" />
		<Unit filename="source/pp4m/pp4m_input.c">
			<Option compilerVar="CC" />
		</Unit>
		<Unit filename="source/pp4m/pp4m_input.h" />
		<Unit filename="source/pp4m/pp4m_io.c">
			<Option compilerVar="CC" />
		</Unit>
		<Unit filename="source/pp4m/pp4m_io.h" />
		<Unit filename="source/pp4m/pp4m_net.c">
			<Option compilerVar="CC" />
		</Unit>
		<Unit filename="source/pp4m/pp4m_net.h" />
		<Unit filename="source/pp4m/pp4m_ttf.c">
			<Option compilerVar="CC" />
		</Unit>
		<Unit filename="source/pp4m/pp4m_ttf.h" />
		<Unit filename="source/security/debug.c">
			<Option compilerVar="CC" />
		</Unit>
		<Unit filename="source/security/debug.h" />
		<Unit filename="source/security/sec.c">
			<Option compilerVar="CC" />
		</Unit>
		<Unit filename="source/security/sec.h" />
		<Unit filename="source/version.h" />
		<Extensions>
			<AutoVersioning>
				<Scheme minor_max="10" build_max="0" rev_max="0" rev_rand_max="10" build_times_to_increment_minor="100" />
				<Settings autoincrement="1" date_declarations="1" use_define="1" update_manifest="0" do_auto_increment="1" ask_to_increment="0" language="C" svn="0" svn_directory="" header_path="source\version.h" />
				<Changes_Log show_changes_editor="0" app_title="released version %M.%m.%b of %p" changeslog_path="ChangesLog.txt" />
				<Code header_guard="VERSION_H" namespace="AutoVersion" prefix="" />
			</AutoVersioning>
			<lib_finder disable_auto="1" />
		</Extensions>
	</Project>
</CodeBlocks_project_file>
